{
  "name": "record-delete-bot",
  "lockfileVersion": 3,
  "requires": true,
  "packages": {
    "": {
      "name": "record-delete-bot",
      "dependencies": {
        "discord.js": "^14.15.3",
        "dotenv": "^16.4.5",
        "sonorancad": "^1.4.8"
      }
    }
  },
  "dependencies": {
    "discord.js": {
      "version": "14.15.3"
    },
    "dotenv": {
      "version": "16.4.5"
    },
    "sonorancad": {
      "version": "1.4.8"
    }
  }
}
